
Microsoft Visual Studio Solution File, Format Version 12.00
# Visual Studio Version 16
VisualStudioVersion = 16.0.810.9
MinimumVisualStudioVersion = 10.0.40219.1
Project("{FAE04EC0-301F-11D3-BF4B-00C04F79EFBC}") = "ECBATS", "ECBATS\ECBATS.csproj", "{802774C8-2F56-4540-A22B-4B62927A874D}"
EndProject
Global
	GlobalSection(SolutionConfigurationPlatforms) = preSolution
		Debug|Any CPU = Debug|Any CPU
		Release|Any CPU = Release|Any CPU
	EndGlobalSection
	GlobalSection(ProjectConfigurationPlatforms) = postSolution
		{802774C8-2F56-4540-A22B-4B62927A874D}.Debug|Any CPU.ActiveCfg = Debug|Any CPU
		{802774C8-2F56-4540-A22B-4B62927A874D}.Debug|Any CPU.Build.0 = Debug|Any CPU
		{802774C8-2F56-4540-A22B-4B62927A874D}.Release|Any CPU.ActiveCfg = Release|Any CPU
		{802774C8-2F56-4540-A22B-4B62927A874D}.Release|Any CPU.Build.0 = Release|Any CPU
	EndGlobalSection
	GlobalSection(SolutionProperties) = preSolution
		HideSolutionNode = FALSE
	EndGlobalSection
	GlobalSection(ExtensibilityGlobals) = postSolution
		SolutionGuid = {04B4ACA3-9F5D-4B16-9C24-CDB89A1FBB7A}
	EndGlobalSection
EndGlobal
